
Microsoft Visual Studio Solution File, Format Version 12.00
# Visual Studio Version 17
VisualStudioVersion = 17.0.32112.339
MinimumVisualStudioVersion = 10.0.40219.1
Project("{FAE04EC0-301F-11D3-BF4B-00C04F79EFBC}") = "Giris", "Giris\Giris.csproj", "{7F8CA6A8-1BF1-4ECA-B3B8-7A9620F18993}"
EndProject
Project("{FAE04EC0-301F-11D3-BF4B-00C04F79EFBC}") = "AritmetikIslemler", "AritmetikIslemler\AritmetikIslemler.csproj", "{EA075570-A037-4603-AFC3-1139F78D1440}"
EndProject
Global
	GlobalSection(SolutionConfigurationPlatforms) = preSolution
		Debug|Any CPU = Debug|Any CPU
		Release|Any CPU = Release|Any CPU
	EndGlobalSection
	GlobalSection(ProjectConfigurationPlatforms) = postSolution
		{7F8CA6A8-1BF1-4ECA-B3B8-7A9620F18993}.Debug|Any CPU.ActiveCfg = Debug|Any CPU
		{7F8CA6A8-1BF1-4ECA-B3B8-7A9620F18993}.Debug|Any CPU.Build.0 = Debug|Any CPU
		{7F8CA6A8-1BF1-4ECA-B3B8-7A9620F18993}.Release|Any CPU.ActiveCfg = Release|Any CPU
		{7F8CA6A8-1BF1-4ECA-B3B8-7A9620F18993}.Release|Any CPU.Build.0 = Release|Any CPU
		{EA075570-A037-4603-AFC3-1139F78D1440}.Debug|Any CPU.ActiveCfg = Debug|Any CPU
		{EA075570-A037-4603-AFC3-1139F78D1440}.Debug|Any CPU.Build.0 = Debug|Any CPU
		{EA075570-A037-4603-AFC3-1139F78D1440}.Release|Any CPU.ActiveCfg = Release|Any CPU
		{EA075570-A037-4603-AFC3-1139F78D1440}.Release|Any CPU.Build.0 = Release|Any CPU
	EndGlobalSection
	GlobalSection(SolutionProperties) = preSolution
		HideSolutionNode = FALSE
	EndGlobalSection
	GlobalSection(ExtensibilityGlobals) = postSolution
		SolutionGuid = {9E537EB0-C889-4954-9906-CD5A3ADAF58F}
	EndGlobalSection
EndGlobal
